{
  "requires": true,
  "lockfileVersion": 1,
  "dependencies": {
    "miniprogram-barrage": {
      "version": "1.1.0",
      "resolved": "https://registry.npmjs.org/miniprogram-barrage/-/miniprogram-barrage-1.1.0.tgz",
      "integrity": "sha512-jcPWb4UhCfYv+Ad8QHCwk7CNiSQg8S2QCx21d/TuMK9TxJ8z2sBQQcFsOOT3V3wj17Vxhe+rdaSBGPfxceluLA=="
    }
  }
}
